
Microsoft Visual Studio Solution File, Format Version 12.00
# Visual Studio Version 16
VisualStudioVersion = 16.0.29911.84
MinimumVisualStudioVersion = 10.0.40219.1
Project("{8BC9CEB8-8B4A-11D0-8D11-00A0C91BC942}") = "Robot ver 2", "Robot ver 2\Robot ver 2.vcxproj", "{0CC1F61F-C5E6-4E69-AB23-2B7466868BB6}"
EndProject
Global
	GlobalSection(SolutionConfigurationPlatforms) = preSolution
		Debug|x64 = Debug|x64
		Debug|x86 = Debug|x86
		Release|x64 = Release|x64
		Release|x86 = Release|x86
	EndGlobalSection
	GlobalSection(ProjectConfigurationPlatforms) = postSolution
		{0CC1F61F-C5E6-4E69-AB23-2B7466868BB6}.Debug|x64.ActiveCfg = Debug|x64
		{0CC1F61F-C5E6-4E69-AB23-2B7466868BB6}.Debug|x64.Build.0 = Debug|x64
		{0CC1F61F-C5E6-4E69-AB23-2B7466868BB6}.Debug|x86.ActiveCfg = Debug|Win32
		{0CC1F61F-C5E6-4E69-AB23-2B7466868BB6}.Debug|x86.Build.0 = Debug|Win32
		{0CC1F61F-C5E6-4E69-AB23-2B7466868BB6}.Release|x64.ActiveCfg = Release|x64
		{0CC1F61F-C5E6-4E69-AB23-2B7466868BB6}.Release|x64.Build.0 = Release|x64
		{0CC1F61F-C5E6-4E69-AB23-2B7466868BB6}.Release|x86.ActiveCfg = Release|Win32
		{0CC1F61F-C5E6-4E69-AB23-2B7466868BB6}.Release|x86.Build.0 = Release|Win32
	EndGlobalSection
	GlobalSection(SolutionProperties) = preSolution
		HideSolutionNode = FALSE
	EndGlobalSection
	GlobalSection(ExtensibilityGlobals) = postSolution
		SolutionGuid = {AB073481-CCEF-4BCE-84E4-26B04814CEDE}
	EndGlobalSection
EndGlobal
